
Microsoft Visual Studio Solution File, Format Version 12.00
# Visual Studio 2015
Project("{FAE04EC0-301F-11D3-BF4B-00C04F79EFBC}") = "Oscar.CSharp", "Oscar.CSharp.csproj", "{6E7AE494-9F0C-5B08-096A-14C87092B4EA}"
EndProject
Project("{FAE04EC0-301F-11D3-BF4B-00C04F79EFBC}") = "Oscar.CSharp.Editor", "Oscar.CSharp.Editor.csproj", "{9354A832-7BAE-8FA8-6D56-EF6A581DEA89}"
EndProject
Global
	GlobalSection(SolutionConfigurationPlatforms) = preSolution
		Debug|Any CPU = Debug|Any CPU
		Release|Any CPU = Release|Any CPU
	EndGlobalSection
	GlobalSection(ProjectConfigurationPlatforms) = postSolution
		{6E7AE494-9F0C-5B08-096A-14C87092B4EA}.Debug|Any CPU.ActiveCfg = Debug|Any CPU
		{6E7AE494-9F0C-5B08-096A-14C87092B4EA}.Debug|Any CPU.Build.0 = Debug|Any CPU
		{6E7AE494-9F0C-5B08-096A-14C87092B4EA}.Release|Any CPU.ActiveCfg = Release|Any CPU
		{6E7AE494-9F0C-5B08-096A-14C87092B4EA}.Release|Any CPU.Build.0 = Release|Any CPU
		{9354A832-7BAE-8FA8-6D56-EF6A581DEA89}.Debug|Any CPU.ActiveCfg = Debug|Any CPU
		{9354A832-7BAE-8FA8-6D56-EF6A581DEA89}.Debug|Any CPU.Build.0 = Debug|Any CPU
		{9354A832-7BAE-8FA8-6D56-EF6A581DEA89}.Release|Any CPU.ActiveCfg = Release|Any CPU
		{9354A832-7BAE-8FA8-6D56-EF6A581DEA89}.Release|Any CPU.Build.0 = Release|Any CPU
	EndGlobalSection
	GlobalSection(SolutionProperties) = preSolution
		HideSolutionNode = FALSE
	EndGlobalSection
EndGlobal
